// !$*UTF8*$!
{
	archiveVersion = 1;
	classes = {
	};
	objectVersion = 46;
	objects = {

/* Begin PBXBuildFile section */
		5E8D40781BC2651200A58F9B /* MeasurementView.m in Sources */ = {isa = PBXBuildFile; fileRef = 5E8D40771BC2651200A58F9B /* MeasurementView.m */; };
		5E8D407B1BC3A56500A58F9B /* VehicleViewModel.m in Sources */ = {isa = PBXBuildFile; fileRef = 5E8D407A1BC3A56500A58F9B /* VehicleViewModel.m */; };
		5E8D407E1BC3A58100A58F9B /* BLEController.m in Sources */ = {isa = PBXBuildFile; fileRef = 5E8D407D1BC3A58100A58F9B /* BLEController.m */; };
		5EA5C0A91BBB309200B188FA /* main.m in Sources */ = {isa = PBXBuildFile; fileRef = 5EA5C0A81BBB309200B188FA /* main.m */; };
		5EA5C0AC1BBB309200B188FA /* AppDelegate.m in Sources */ = {isa = PBXBuildFile; fileRef = 5EA5C0AB1BBB309200B188FA /* AppDelegate.m */; };
		5EA5C0AF1BBB309200B188FA /* MessurementViewController.m in Sources */ = {isa = PBXBuildFile; fileRef = 5EA5C0AE1BBB309200B188FA /* MessurementViewController.m */; };
		5EA5C0B21BBB309200B188FA /* Main.storyboard in Resources */ = {isa = PBXBuildFile; fileRef = 5EA5C0B01BBB309200B188FA /* Main.storyboard */; };
		5EA5C0B41BBB309200B188FA /* Images.xcassets in Resources */ = {isa = PBXBuildFile; fileRef = 5EA5C0B31BBB309200B188FA /* Images.xcassets */; };
		5EA5C0B71BBB309200B188FA /* LaunchScreen.xib in Resources */ = {isa = PBXBuildFile; fileRef = 5EA5C0B51BBB309200B188FA /* LaunchScreen.xib */; };
		5EA5C0C31BBB309200B188FA /* ConnectMyCarTests.m in Sources */ = {isa = PBXBuildFile; fileRef = 5EA5C0C21BBB309200B188FA /* ConnectMyCarTests.m */; };
		DCA042C8E4C64B973C4511E5 /* libPods-ConnectMyCar.a in Frameworks */ = {isa = PBXBuildFile; fileRef = DA9CE37A1B28FFABE4B3DC87 /* libPods-ConnectMyCar.a */; };
/* End PBXBuildFile section */

/* Begin PBXContainerItemProxy section */
		5EA5C0BD1BBB309200B188FA /* PBXContainerItemProxy */ = {
			isa = PBXContainerItemProxy;
			containerPortal = 5EA5C09B1BBB309200B188FA /* Project object */;
			proxyType = 1;
			remoteGlobalIDString = 5EA5C0A21BBB309200B188FA;
			remoteInfo = ConnectMyCar;
		};
/* End PBXContainerItemProxy section */

/* Begin PBXFileReference section */
		4B7BC68DAA0394E655B28F6E /* Pods-ConnectMyCar.debug.xcconfig */ = {isa = PBXFileReference; includeInIndex = 1; lastKnownFileType = text.xcconfig; name = "Pods-ConnectMyCar.debug.xcconfig"; path = "Pods/Target Support Files/Pods-ConnectMyCar/Pods-ConnectMyCar.debug.xcconfig"; sourceTree = "<group>"; };
		5E8D40761BC2651200A58F9B /* MeasurementView.h */ = {isa = PBXFileReference; fileEncoding = 4; lastKnownFileType = sourcecode.c.h; path = MeasurementView.h; sourceTree = "<group>"; };
		5E8D40771BC2651200A58F9B /* MeasurementView.m */ = {isa = PBXFileReference; fileEncoding = 4; lastKnownFileType = sourcecode.c.objc; path = MeasurementView.m; sourceTree = "<group>"; };
		5E8D40791BC3A56500A58F9B /* VehicleViewModel.h */ = {isa = PBXFileReference; fileEncoding = 4; lastKnownFileType = sourcecode.c.h; path = VehicleViewModel.h; sourceTree = "<group>"; };
		5E8D407A1BC3A56500A58F9B /* VehicleViewModel.m */ = {isa = PBXFileReference; fileEncoding = 4; lastKnownFileType = sourcecode.c.objc; path = VehicleViewModel.m; sourceTree = "<group>"; };
		5E8D407C1BC3A58100A58F9B /* BLEController.h */ = {isa = PBXFileReference; fileEncoding = 4; lastKnownFileType = sourcecode.c.h; path = BLEController.h; sourceTree = "<group>"; };
		5E8D407D1BC3A58100A58F9B /* BLEController.m */ = {isa = PBXFileReference; fileEncoding = 4; lastKnownFileType = sourcecode.c.objc; path = BLEController.m; sourceTree = "<group>"; };
		5EA5C0A31BBB309200B188FA /* ConnectMyCar.app */ = {isa = PBXFileReference; explicitFileType = wrapper.application; includeInIndex = 0; path = ConnectMyCar.app; sourceTree = BUILT_PRODUCTS_DIR; };
		5EA5C0A71BBB309200B188FA /* Info.plist */ = {isa = PBXFileReference; lastKnownFileType = text.plist.xml; path = Info.plist; sourceTree = "<group>"; };
		5EA5C0A81BBB309200B188FA /* main.m */ = {isa = PBXFileReference; lastKnownFileType = sourcecode.c.objc; path = main.m; sourceTree = "<group>"; };
		5EA5C0AA1BBB309200B188FA /* AppDelegate.h */ = {isa = PBXFileReference; lastKnownFileType = sourcecode.c.h; path = AppDelegate.h; sourceTree = "<group>"; };
		5EA5C0AB1BBB309200B188FA /* AppDelegate.m */ = {isa = PBXFileReference; lastKnownFileType = sourcecode.c.objc; path = AppDelegate.m; sourceTree = "<group>"; };
		5EA5C0AD1BBB309200B188FA /* MessurementViewController.h */ = {isa = PBXFileReference; lastKnownFileType = sourcecode.c.h; path = MessurementViewController.h; sourceTree = "<group>"; };
		5EA5C0AE1BBB309200B188FA /* MessurementViewController.m */ = {isa = PBXFileReference; lastKnownFileType = sourcecode.c.objc; path = MessurementViewController.m; sourceTree = "<group>"; };
		5EA5C0B11BBB309200B188FA /* Base */ = {isa = PBXFileReference; lastKnownFileType = file.storyboard; name = Base; path = Base.lproj/Main.storyboard; sourceTree = "<group>"; };
		5EA5C0B31BBB309200B188FA /* Images.xcassets */ = {isa = PBXFileReference; lastKnownFileType = folder.assetcatalog; path = Images.xcassets; sourceTree = "<group>"; };
		5EA5C0B61BBB309200B188FA /* Base */ = {isa = PBXFileReference; lastKnownFileType = file.xib; name = Base; path = Base.lproj/LaunchScreen.xib; sourceTree = "<group>"; };
		5EA5C0BC1BBB309200B188FA /* ConnectMyCarTests.xctest */ = {isa = PBXFileReference; explicitFileType = wrapper.cfbundle; includeInIndex = 0; path = ConnectMyCarTests.xctest; sourceTree = BUILT_PRODUCTS_DIR; };
		5EA5C0C11BBB309200B188FA /* Info.plist */ = {isa = PBXFileReference; lastKnownFileType = text.plist.xml; path = Info.plist; sourceTree = "<group>"; };
		5EA5C0C21BBB309200B188FA /* ConnectMyCarTests.m */ = {isa = PBXFileReference; lastKnownFileType = sourcecode.c.objc; path = ConnectMyCarTests.m; sourceTree = "<group>"; };
		5ED8884C1BC5B5780005AF8F /* VehicleModel.h */ = {isa = PBXFileReference; lastKnownFileType = sourcecode.c.h; path = VehicleModel.h; sourceTree = "<group>"; };
		A99540946B2D9B07B400E966 /* Pods-ConnectMyCar.release.xcconfig */ = {isa = PBXFileReference; includeInIndex = 1; lastKnownFileType = text.xcconfig; name = "Pods-ConnectMyCar.release.xcconfig"; path = "Pods/Target Support Files/Pods-ConnectMyCar/Pods-ConnectMyCar.release.xcconfig"; sourceTree = "<group>"; };
		DA9CE37A1B28FFABE4B3DC87 /* libPods-ConnectMyCar.a */ = {isa = PBXFileReference; explicitFileType = archive.ar; includeInIndex = 0; path = "libPods-ConnectMyCar.a"; sourceTree = BUILT_PRODUCTS_DIR; };
/* End PBXFileReference section */

/* Begin PBXFrameworksBuildPhase section */
		5EA5C0A01BBB309200B188FA /* Frameworks */ = {
			isa = PBXFrameworksBuildPhase;
			buildActionMask = 2147483647;
			files = (
				DCA042C8E4C64B973C4511E5 /* libPods-ConnectMyCar.a in Frameworks */,
			);
			runOnlyForDeploymentPostprocessing = 0;
		};
		5EA5C0B91BBB309200B188FA /* Frameworks */ = {
			isa = PBXFrameworksBuildPhase;
			buildActionMask = 2147483647;
			files = (
			);
			runOnlyForDeploymentPostprocessing = 0;
		};
/* End PBXFrameworksBuildPhase section */

/* Begin PBXGroup section */
		366E129798156110A22C52D6 /* Frameworks */ = {
			isa = PBXGroup;
			children = (
				DA9CE37A1B28FFABE4B3DC87 /* libPods-ConnectMyCar.a */,
			);
			name = Frameworks;
			sourceTree = "<group>";
		};
		5EA5C09A1BBB309200B188FA = {
			isa = PBXGroup;
			children = (
				5EA5C0A51BBB309200B188FA /* ConnectMyCar */,
				5EA5C0BF1BBB309200B188FA /* ConnectMyCarTests */,
				5EA5C0A41BBB309200B188FA /* Products */,
				F39DD5C6ED2803D18A08F96C /* Pods */,
				366E129798156110A22C52D6 /* Frameworks */,
			);
			sourceTree = "<group>";
		};
		5EA5C0A41BBB309200B188FA /* Products */ = {
			isa = PBXGroup;
			children = (
				5EA5C0A31BBB309200B188FA /* ConnectMyCar.app */,
				5EA5C0BC1BBB309200B188FA /* ConnectMyCarTests.xctest */,
			);
			name = Products;
			sourceTree = "<group>";
		};
		5EA5C0A51BBB309200B188FA /* ConnectMyCar */ = {
			isa = PBXGroup;
			children = (
				5EA5C0AA1BBB309200B188FA /* AppDelegate.h */,
				5EA5C0AB1BBB309200B188FA /* AppDelegate.m */,
				5EBEAAD71BC52C0B00EBEC52 /* model */,
				5EBEAAD61BC5272B00EBEC52 /* view */,
				5EA5C0B31BBB309200B188FA /* Images.xcassets */,
				5EA5C0B51BBB309200B188FA /* LaunchScreen.xib */,
				5EA5C0A61BBB309200B188FA /* Supporting Files */,
			);
			path = ConnectMyCar;
			sourceTree = "<group>";
		};
		5EA5C0A61BBB309200B188FA /* Supporting Files */ = {
			isa = PBXGroup;
			children = (
				5EA5C0A71BBB309200B188FA /* Info.plist */,
				5EA5C0A81BBB309200B188FA /* main.m */,
			);
			name = "Supporting Files";
			sourceTree = "<group>";
		};
		5EA5C0BF1BBB309200B188FA /* ConnectMyCarTests */ = {
			isa = PBXGroup;
			children = (
				5EA5C0C21BBB309200B188FA /* ConnectMyCarTests.m */,
				5EA5C0C01BBB309200B188FA /* Supporting Files */,
			);
			path = ConnectMyCarTests;
			sourceTree = "<group>";
		};
		5EA5C0C01BBB309200B188FA /* Supporting Files */ = {
			isa = PBXGroup;
			children = (
				5EA5C0C11BBB309200B188FA /* Info.plist */,
			);
			name = "Supporting Files";
			sourceTree = "<group>";
		};
		5EBEAAD61BC5272B00EBEC52 /* view */ = {
			isa = PBXGroup;
			children = (
				5E8D40791BC3A56500A58F9B /* VehicleViewModel.h */,
				5E8D407A1BC3A56500A58F9B /* VehicleViewModel.m */,
				5EA5C0B01BBB309200B188FA /* Main.storyboard */,
				5E8D40761BC2651200A58F9B /* MeasurementView.h */,
				5E8D40771BC2651200A58F9B /* MeasurementView.m */,
				5EA5C0AD1BBB309200B188FA /* MessurementViewController.h */,
				5EA5C0AE1BBB309200B188FA /* MessurementViewController.m */,
			);
			name = view;
			sourceTree = "<group>";
		};
		5EBEAAD71BC52C0B00EBEC52 /* model */ = {
			isa = PBXGroup;
			children = (
				5E8D407C1BC3A58100A58F9B /* BLEController.h */,
				5E8D407D1BC3A58100A58F9B /* BLEController.m */,
				5ED8884C1BC5B5780005AF8F /* VehicleModel.h */,
			);
			name = model;
			sourceTree = "<group>";
		};
		F39DD5C6ED2803D18A08F96C /* Pods */ = {
			isa = PBXGroup;
			children = (
				4B7BC68DAA0394E655B28F6E /* Pods-ConnectMyCar.debug.xcconfig */,
				A99540946B2D9B07B400E966 /* Pods-ConnectMyCar.release.xcconfig */,
			);
			name = Pods;
			sourceTree = "<group>";
		};
/* End PBXGroup section */

/* Begin PBXNativeTarget section */
		5EA5C0A21BBB309200B188FA /* ConnectMyCar */ = {
			isa = PBXNativeTarget;
			buildConfigurationList = 5EA5C0C61BBB309200B188FA /* Build configuration list for PBXNativeTarget "ConnectMyCar" */;
			buildPhases = (
				5A072ADA2DC242E55308BF84 /* Check Pods Manifest.lock */,
				5EA5C09F1BBB309200B188FA /* Sources */,
				5EA5C0A01BBB309200B188FA /* Frameworks */,
				5EA5C0A11BBB309200B188FA /* Resources */,
				703BF5F194E0778C4E51584E /* Copy Pods Resources */,
				5EA5C0CC1BBBB5E600B188FA /* ShellScript */,
			);
			buildRules = (
			);
			dependencies = (
			);
			name = ConnectMyCar;
			productName = ConnectMyCar;
			productReference = 5EA5C0A31BBB309200B188FA /* ConnectMyCar.app */;
			productType = "com.apple.product-type.application";
		};
		5EA5C0BB1BBB309200B188FA /* ConnectMyCarTests */ = {
			isa = PBXNativeTarget;
			buildConfigurationList = 5EA5C0C91BBB309200B188FA /* Build configuration list for PBXNativeTarget "ConnectMyCarTests" */;
			buildPhases = (
				5EA5C0B81BBB309200B188FA /* Sources */,
				5EA5C0B91BBB309200B188FA /* Frameworks */,
				5EA5C0BA1BBB309200B188FA /* Resources */,
			);
			buildRules = (
			);
			dependencies = (
				5EA5C0BE1BBB309200B188FA /* PBXTargetDependency */,
			);
			name = ConnectMyCarTests;
			productName = ConnectMyCarTests;
			productReference = 5EA5C0BC1BBB309200B188FA /* ConnectMyCarTests.xctest */;
			productType = "com.apple.product-type.bundle.unit-test";
		};
/* End PBXNativeTarget section */

/* Begin PBXProject section */
		5EA5C09B1BBB309200B188FA /* Project object */ = {
			isa = PBXProject;
			attributes = {
				LastUpgradeCheck = 0630;
				ORGANIZATIONNAME = "Developer Podcast";
				TargetAttributes = {
					5EA5C0A21BBB309200B188FA = {
						CreatedOnToolsVersion = 6.3.1;
						SystemCapabilities = {
							com.apple.BackgroundModes = {
								enabled = 1;
							};
						};
					};
					5EA5C0BB1BBB309200B188FA = {
						CreatedOnToolsVersion = 6.3.1;
						TestTargetID = 5EA5C0A21BBB309200B188FA;
					};
				};
			};
			buildConfigurationList = 5EA5C09E1BBB309200B188FA /* Build configuration list for PBXProject "ConnectMyCar" */;
			compatibilityVersion = "Xcode 3.2";
			developmentRegion = English;
			hasScannedForEncodings = 0;
			knownRegions = (
				en,
				Base,
			);
			mainGroup = 5EA5C09A1BBB309200B188FA;
			productRefGroup = 5EA5C0A41BBB309200B188FA /* Products */;
			projectDirPath = "";
			projectRoot = "";
			targets = (
				5EA5C0A21BBB309200B188FA /* ConnectMyCar */,
				5EA5C0BB1BBB309200B188FA /* ConnectMyCarTests */,
			);
		};
/* End PBXProject section */

/* Begin PBXResourcesBuildPhase section */
		5EA5C0A11BBB309200B188FA /* Resources */ = {
			isa = PBXResourcesBuildPhase;
			buildActionMask = 2147483647;
			files = (
				5EA5C0B21BBB309200B188FA /* Main.storyboard in Resources */,
				5EA5C0B71BBB309200B188FA /* LaunchScreen.xib in Resources */,
				5EA5C0B41BBB309200B188FA /* Images.xcassets in Resources */,
			);
			runOnlyForDeploymentPostprocessing = 0;
		};
		5EA5C0BA1BBB309200B188FA /* Resources */ = {
			isa = PBXResourcesBuildPhase;
			buildActionMask = 2147483647;
			files = (
			);
			runOnlyForDeploymentPostprocessing = 0;
		};
/* End PBXResourcesBuildPhase section */

/* Begin PBXShellScriptBuildPhase section */
		5A072ADA2DC242E55308BF84 /* Check Pods Manifest.lock */ = {
			isa = PBXShellScriptBuildPhase;
			buildActionMask = 2147483647;
			files = (
			);
			inputPaths = (
			);
			name = "Check Pods Manifest.lock";
			outputPaths = (
			);
			runOnlyForDeploymentPostprocessing = 0;
			shellPath = /bin/sh;
			shellScript = "diff \"${PODS_ROOT}/../Podfile.lock\" \"${PODS_ROOT}/Manifest.lock\" > /dev/null\nif [[ $? != 0 ]] ; then\n    cat << EOM\nerror: The sandbox is not in sync with the Podfile.lock. Run 'pod install' or update your CocoaPods installation.\nEOM\n    exit 1\nfi\n";
			showEnvVarsInLog = 0;
		};
		5EA5C0CC1BBBB5E600B188FA /* ShellScript */ = {
			isa = PBXShellScriptBuildPhase;
			buildActionMask = 2147483647;
			files = (
			);
			inputPaths = (
			);
			outputPaths = (
			);
			runOnlyForDeploymentPostprocessing = 0;
			shellPath = /bin/sh;
			shellScript = "\"${PODS_ROOT}/Fabric/Fabric.framework/run\" ${FABRIC_API_KEY} {FABRIC_API_SECRET}";
		};
		703BF5F194E0778C4E51584E /* Copy Pods Resources */ = {
			isa = PBXShellScriptBuildPhase;
			buildActionMask = 2147483647;
			files = (
			);
			inputPaths = (
			);
			name = "Copy Pods Resources";
			outputPaths = (
			);
			runOnlyForDeploymentPostprocessing = 0;
			shellPath = /bin/sh;
			shellScript = "\"${SRCROOT}/Pods/Target Support Files/Pods-ConnectMyCar/Pods-ConnectMyCar-resources.sh\"\n";
			showEnvVarsInLog = 0;
		};
/* End PBXShellScriptBuildPhase section */

/* Begin PBXSourcesBuildPhase section */
		5EA5C09F1BBB309200B188FA /* Sources */ = {
			isa = PBXSourcesBuildPhase;
			buildActionMask = 2147483647;
			files = (
				5EA5C0AF1BBB309200B188FA /* MessurementViewController.m in Sources */,
				5E8D40781BC2651200A58F9B /* MeasurementView.m in Sources */,
				5EA5C0AC1BBB309200B188FA /* AppDelegate.m in Sources */,
				5E8D407E1BC3A58100A58F9B /* BLEController.m in Sources */,
				5E8D407B1BC3A56500A58F9B /* VehicleViewModel.m in Sources */,
				5EA5C0A91BBB309200B188FA /* main.m in Sources */,
			);
			runOnlyForDeploymentPostprocessing = 0;
		};
		5EA5C0B81BBB309200B188FA /* Sources */ = {
			isa = PBXSourcesBuildPhase;
			buildActionMask = 2147483647;
			files = (
				5EA5C0C31BBB309200B188FA /* ConnectMyCarTests.m in Sources */,
			);
			runOnlyForDeploymentPostprocessing = 0;
		};
/* End PBXSourcesBuildPhase section */

/* Begin PBXTargetDependency section */
		5EA5C0BE1BBB309200B188FA /* PBXTargetDependency */ = {
			isa = PBXTargetDependency;
			target = 5EA5C0A21BBB309200B188FA /* ConnectMyCar */;
			targetProxy = 5EA5C0BD1BBB309200B188FA /* PBXContainerItemProxy */;
		};
/* End PBXTargetDependency section */

/* Begin PBXVariantGroup section */
		5EA5C0B01BBB309200B188FA /* Main.storyboard */ = {
			isa = PBXVariantGroup;
			children = (
				5EA5C0B11BBB309200B188FA /* Base */,
			);
			name = Main.storyboard;
			sourceTree = "<group>";
		};
		5EA5C0B51BBB309200B188FA /* LaunchScreen.xib */ = {
			isa = PBXVariantGroup;
			children = (
				5EA5C0B61BBB309200B188FA /* Base */,
			);
			name = LaunchScreen.xib;
			sourceTree = "<group>";
		};
/* End PBXVariantGroup section */

/* Begin XCBuildConfiguration section */
		5EA5C0C41BBB309200B188FA /* Debug */ = {
			isa = XCBuildConfiguration;
			buildSettings = {
				ALWAYS_SEARCH_USER_PATHS = NO;
				CLANG_CXX_LANGUAGE_STANDARD = "gnu++0x";
				CLANG_CXX_LIBRARY = "libc++";
				CLANG_ENABLE_MODULES = YES;
				CLANG_ENABLE_OBJC_ARC = YES;
				CLANG_WARN_BOOL_CONVERSION = YES;
				CLANG_WARN_CONSTANT_CONVERSION = YES;
				CLANG_WARN_DIRECT_OBJC_ISA_USAGE = YES_ERROR;
				CLANG_WARN_EMPTY_BODY = YES;
				CLANG_WARN_ENUM_CONVERSION = YES;
				CLANG_WARN_INT_CONVERSION = YES;
				CLANG_WARN_OBJC_ROOT_CLASS = YES_ERROR;
				CLANG_WARN_UNREACHABLE_CODE = YES;
				CLANG_WARN__DUPLICATE_METHOD_MATCH = YES;
				"CODE_SIGN_IDENTITY[sdk=iphoneos*]" = "iPhone Developer";
				COPY_PHASE_STRIP = NO;
				DEBUG_INFORMATION_FORMAT = "dwarf-with-dsym";
				ENABLE_STRICT_OBJC_MSGSEND = YES;
				GCC_C_LANGUAGE_STANDARD = gnu99;
				GCC_DYNAMIC_NO_PIC = NO;
				GCC_NO_COMMON_BLOCKS = YES;
				GCC_OPTIMIZATION_LEVEL = 0;
				GCC_PREPROCESSOR_DEFINITIONS = (
					"DEBUG=1",
					"$(inherited)",
				);
				GCC_SYMBOLS_PRIVATE_EXTERN = NO;
				GCC_WARN_64_TO_32_BIT_CONVERSION = YES;
				GCC_WARN_ABOUT_RETURN_TYPE = YES_ERROR;
				GCC_WARN_UNDECLARED_SELECTOR = YES;
				GCC_WARN_UNINITIALIZED_AUTOS = YES_AGGRESSIVE;
				GCC_WARN_UNUSED_FUNCTION = YES;
				GCC_WARN_UNUSED_VARIABLE = YES;
				IPHONEOS_DEPLOYMENT_TARGET = 8.3;
				MTL_ENABLE_DEBUG_INFO = YES;
				ONLY_ACTIVE_ARCH = YES;
				SDKROOT = iphoneos;
				TARGETED_DEVICE_FAMILY = "1,2";
			};
			name = Debug;
		};
		5EA5C0C51BBB309200B188FA /* Release */ = {
			isa = XCBuildConfiguration;
			buildSettings = {
				ALWAYS_SEARCH_USER_PATHS = NO;
				CLANG_CXX_LANGUAGE_STANDARD = "gnu++0x";
				CLANG_CXX_LIBRARY = "libc++";
				CLANG_ENABLE_MODULES = YES;
				CLANG_ENABLE_OBJC_ARC = YES;
				CLANG_WARN_BOOL_CONVERSION = YES;
				CLANG_WARN_CONSTANT_CONVERSION = YES;
				CLANG_WARN_DIRECT_OBJC_ISA_USAGE = YES_ERROR;
				CLANG_WARN_EMPTY_BODY = YES;
				CLANG_WARN_ENUM_CONVERSION = YES;
				CLANG_WARN_INT_CONVERSION = YES;
				CLANG_WARN_OBJC_ROOT_CLASS = YES_ERROR;
				CLANG_WARN_UNREACHABLE_CODE = YES;
				CLANG_WARN__DUPLICATE_METHOD_MATCH = YES;
				"CODE_SIGN_IDENTITY[sdk=iphoneos*]" = "iPhone Developer";
				COPY_PHASE_STRIP = NO;
				DEBUG_INFORMATION_FORMAT = "dwarf-with-dsym";
				ENABLE_NS_ASSERTIONS = NO;
				ENABLE_STRICT_OBJC_MSGSEND = YES;
				GCC_C_LANGUAGE_STANDARD = gnu99;
				GCC_NO_COMMON_BLOCKS = YES;
				GCC_WARN_64_TO_32_BIT_CONVERSION = YES;
				GCC_WARN_ABOUT_RETURN_TYPE = YES_ERROR;
				GCC_WARN_UNDECLARED_SELECTOR = YES;
				GCC_WARN_UNINITIALIZED_AUTOS = YES_AGGRESSIVE;
				GCC_WARN_UNUSED_FUNCTION = YES;
				GCC_WARN_UNUSED_VARIABLE = YES;
				IPHONEOS_DEPLOYMENT_TARGET = 8.3;
				MTL_ENABLE_DEBUG_INFO = NO;
				SDKROOT = iphoneos;
				TARGETED_DEVICE_FAMILY = "1,2";
				VALIDATE_PRODUCT = YES;
			};
			name = Release;
		};
		5EA5C0C71BBB309200B188FA /* Debug */ = {
			isa = XCBuildConfiguration;
			baseConfigurationReference = 4B7BC68DAA0394E655B28F6E /* Pods-ConnectMyCar.debug.xcconfig */;
			buildSettings = {
				ASSETCATALOG_COMPILER_APPICON_NAME = AppIcon;
				INFOPLIST_FILE = ConnectMyCar/Info.plist;
				LD_RUNPATH_SEARCH_PATHS = "$(inherited) @executable_path/Frameworks";
				PRODUCT_NAME = "$(TARGET_NAME)";
			};
			name = Debug;
		};
		5EA5C0C81BBB309200B188FA /* Release */ = {
			isa = XCBuildConfiguration;
			baseConfigurationReference = A99540946B2D9B07B400E966 /* Pods-ConnectMyCar.release.xcconfig */;
			buildSettings = {
				ASSETCATALOG_COMPILER_APPICON_NAME = AppIcon;
				INFOPLIST_FILE = ConnectMyCar/Info.plist;
				LD_RUNPATH_SEARCH_PATHS = "$(inherited) @executable_path/Frameworks";
				PRODUCT_NAME = "$(TARGET_NAME)";
			};
			name = Release;
		};
		5EA5C0CA1BBB309200B188FA /* Debug */ = {
			isa = XCBuildConfiguration;
			buildSettings = {
				BUNDLE_LOADER = "$(TEST_HOST)";
				FRAMEWORK_SEARCH_PATHS = (
					"$(SDKROOT)/Developer/Library/Frameworks",
					"$(inherited)",
				);
				GCC_PREPROCESSOR_DEFINITIONS = (
					"DEBUG=1",
					"$(inherited)",
				);
				INFOPLIST_FILE = ConnectMyCarTests/Info.plist;
				LD_RUNPATH_SEARCH_PATHS = "$(inherited) @executable_path/Frameworks @loader_path/Frameworks";
				PRODUCT_NAME = "$(TARGET_NAME)";
				TEST_HOST = "$(BUILT_PRODUCTS_DIR)/ConnectMyCar.app/ConnectMyCar";
			};
			name = Debug;
		};
		5EA5C0CB1BBB309200B188FA /* Release */ = {
			isa = XCBuildConfiguration;
			buildSettings = {
				BUNDLE_LOADER = "$(TEST_HOST)";
				FRAMEWORK_SEARCH_PATHS = (
					"$(SDKROOT)/Developer/Library/Frameworks",
					"$(inherited)",
				);
				INFOPLIST_FILE = ConnectMyCarTests/Info.plist;
				LD_RUNPATH_SEARCH_PATHS = "$(inherited) @executable_path/Frameworks @loader_path/Frameworks";
				PRODUCT_NAME = "$(TARGET_NAME)";
				TEST_HOST = "$(BUILT_PRODUCTS_DIR)/ConnectMyCar.app/ConnectMyCar";
			};
			name = Release;
		};
/* End XCBuildConfiguration section */

/* Begin XCConfigurationList section */
		5EA5C09E1BBB309200B188FA /* Build configuration list for PBXProject "ConnectMyCar" */ = {
			isa = XCConfigurationList;
			buildConfigurations = (
				5EA5C0C41BBB309200B188FA /* Debug */,
				5EA5C0C51BBB309200B188FA /* Release */,
			);
			defaultConfigurationIsVisible = 0;
			defaultConfigurationName = Release;
		};
		5EA5C0C61BBB309200B188FA /* Build configuration list for PBXNativeTarget "ConnectMyCar" */ = {
			isa = XCConfigurationList;
			buildConfigurations = (
				5EA5C0C71BBB309200B188FA /* Debug */,
				5EA5C0C81BBB309200B188FA /* Release */,
			);
			defaultConfigurationIsVisible = 0;
			defaultConfigurationName = Release;
		};
		5EA5C0C91BBB309200B188FA /* Build configuration list for PBXNativeTarget "ConnectMyCarTests" */ = {
			isa = XCConfigurationList;
			buildConfigurations = (
				5EA5C0CA1BBB309200B188FA /* Debug */,
				5EA5C0CB1BBB309200B188FA /* Release */,
			);
			defaultConfigurationIsVisible = 0;
			defaultConfigurationName = Release;
		};
/* End XCConfigurationList section */
	};
	rootObject = 5EA5C09B1BBB309200B188FA /* Project object */;
}
